
Microsoft Visual Studio Solution File, Format Version 12.00
# Visual Studio 2013
VisualStudioVersion = 12.0.31101.0
MinimumVisualStudioVersion = 10.0.40219.1
Project("{FAE04EC0-301F-11D3-BF4B-00C04F79EFBC}") = "ResultsCalculator.WinForms", "ResultsCalculator.WinForms\ResultsCalculator.WinForms.csproj", "{D877935D-ED8E-4881-8CF8-6C4CF48D488B}"
EndProject
Project("{FAE04EC0-301F-11D3-BF4B-00C04F79EFBC}") = "ResultsCalculator.UnitTests", "ResultsCalculator.UnitTests\ResultsCalculator.UnitTests.csproj", "{1BF14579-B9B4-43A2-8536-1931DB56CA19}"
EndProject
Global
	GlobalSection(SolutionConfigurationPlatforms) = preSolution
		Debug|Any CPU = Debug|Any CPU
		Release|Any CPU = Release|Any CPU
	EndGlobalSection
	GlobalSection(ProjectConfigurationPlatforms) = postSolution
		{D877935D-ED8E-4881-8CF8-6C4CF48D488B}.Debug|Any CPU.ActiveCfg = Debug|Any CPU
		{D877935D-ED8E-4881-8CF8-6C4CF48D488B}.Debug|Any CPU.Build.0 = Debug|Any CPU
		{D877935D-ED8E-4881-8CF8-6C4CF48D488B}.Release|Any CPU.ActiveCfg = Release|Any CPU
		{D877935D-ED8E-4881-8CF8-6C4CF48D488B}.Release|Any CPU.Build.0 = Release|Any CPU
		{1BF14579-B9B4-43A2-8536-1931DB56CA19}.Debug|Any CPU.ActiveCfg = Debug|Any CPU
		{1BF14579-B9B4-43A2-8536-1931DB56CA19}.Debug|Any CPU.Build.0 = Debug|Any CPU
		{1BF14579-B9B4-43A2-8536-1931DB56CA19}.Release|Any CPU.ActiveCfg = Release|Any CPU
		{1BF14579-B9B4-43A2-8536-1931DB56CA19}.Release|Any CPU.Build.0 = Release|Any CPU
	EndGlobalSection
	GlobalSection(SolutionProperties) = preSolution
		HideSolutionNode = FALSE
	EndGlobalSection
EndGlobal
